
Microsoft Visual Studio Solution File, Format Version 12.00
# Visual Studio Version 16
VisualStudioVersion = 16.0.30907.101
MinimumVisualStudioVersion = 10.0.40219.1
Project("{FAE04EC0-301F-11D3-BF4B-00C04F79EFBC}") = "HW210121", "HW210121\HW210121.csproj", "{834DDB2A-8AA4-4A93-B071-DE27763DDEE4}"
EndProject
Global
	GlobalSection(SolutionConfigurationPlatforms) = preSolution
		Debug|Any CPU = Debug|Any CPU
		Release|Any CPU = Release|Any CPU
	EndGlobalSection
	GlobalSection(ProjectConfigurationPlatforms) = postSolution
		{834DDB2A-8AA4-4A93-B071-DE27763DDEE4}.Debug|Any CPU.ActiveCfg = Debug|Any CPU
		{834DDB2A-8AA4-4A93-B071-DE27763DDEE4}.Debug|Any CPU.Build.0 = Debug|Any CPU
		{834DDB2A-8AA4-4A93-B071-DE27763DDEE4}.Release|Any CPU.ActiveCfg = Release|Any CPU
		{834DDB2A-8AA4-4A93-B071-DE27763DDEE4}.Release|Any CPU.Build.0 = Release|Any CPU
	EndGlobalSection
	GlobalSection(SolutionProperties) = preSolution
		HideSolutionNode = FALSE
	EndGlobalSection
	GlobalSection(ExtensibilityGlobals) = postSolution
		SolutionGuid = {7D62EE00-DF1D-4D3B-A954-59E4B5605611}
	EndGlobalSection
EndGlobal
